
Microsoft Visual Studio Solution File, Format Version 12.00
Project("{FAE04EC0-301F-11D3-BF4B-00C04F79EFBC}") = "MeetingManager", "MeetingManager\MeetingManager.csproj", "{ADBB15B1-BA73-4526-B5C8-323AB3D64B8A}"
EndProject
Global
	GlobalSection(SolutionConfigurationPlatforms) = preSolution
		Debug|Any CPU = Debug|Any CPU
		Release|Any CPU = Release|Any CPU
	EndGlobalSection
	GlobalSection(ProjectConfigurationPlatforms) = postSolution
		{ADBB15B1-BA73-4526-B5C8-323AB3D64B8A}.Debug|Any CPU.ActiveCfg = Debug|Any CPU
		{ADBB15B1-BA73-4526-B5C8-323AB3D64B8A}.Debug|Any CPU.Build.0 = Debug|Any CPU
		{ADBB15B1-BA73-4526-B5C8-323AB3D64B8A}.Release|Any CPU.ActiveCfg = Release|Any CPU
		{ADBB15B1-BA73-4526-B5C8-323AB3D64B8A}.Release|Any CPU.Build.0 = Release|Any CPU
	EndGlobalSection
EndGlobal
